
Microsoft Visual Studio Solution File, Format Version 12.00
# Visual Studio 2012
Project("{2150E333-8FDC-42A3-9474-1A3956D46DE8}") = "Solution Items", "Solution Items", "{40922FDD-F1C9-4496-B0EC-D14451511869}"
	ProjectSection(SolutionItems) = preProject
		Local.testsettings = Local.testsettings
		Performance3.psess = Performance3.psess
		Phantom.snk = Phantom.snk
		ReferenceImplementatikon.vsmdi = ReferenceImplementatikon.vsmdi
		TraceAndTestImpact.testsettings = TraceAndTestImpact.testsettings
	EndProjectSection
EndProject
Project("{2150E333-8FDC-42A3-9474-1A3956D46DE8}") = "Performance Tests", "Performance Tests", "{48A7C3FB-ACE9-4CB7-A762-7AC8C5B52C4F}"
	ProjectSection(SolutionItems) = preProject
		Performance Tests\RunPubSubTest.psess = Performance Tests\RunPubSubTest.psess
		Performance Tests\RunPubSubTest1.psess = Performance Tests\RunPubSubTest1.psess
		Performance Tests\RunPubSubTest2.psess = Performance Tests\RunPubSubTest2.psess
		Performance Tests\RunPubSubTest3.psess = Performance Tests\RunPubSubTest3.psess
	EndProjectSection
EndProject
Project("{FAE04EC0-301F-11D3-BF4B-00C04F79EFBC}") = "BusinessLogic", "BusinessLogic\BusinessLogic.csproj", "{C9276B4B-AC6A-4E51-B457-8838712462BE}"
EndProject
Project("{FAE04EC0-301F-11D3-BF4B-00C04F79EFBC}") = "Data", "Data\Data.csproj", "{F697DCE2-E9ED-4219-A21A-D1F29F92C73F}"
EndProject
Project("{FAE04EC0-301F-11D3-BF4B-00C04F79EFBC}") = "Entities", "Entities\Entities.csproj", "{BB609803-6D30-4BC8-91AB-BE27968272FC}"
EndProject
Project("{FAE04EC0-301F-11D3-BF4B-00C04F79EFBC}") = "IntegrationTests", "UnitTests\IntegrationTests.csproj", "{5B54063C-6E6E-4BF2-95DE-A03C225598F4}"
EndProject
Project("{FAE04EC0-301F-11D3-BF4B-00C04F79EFBC}") = "Interceptor", "Interceptor\Interceptor.csproj", "{D9044635-F61E-498F-80B0-44B459C1CEE2}"
EndProject
Project("{FAE04EC0-301F-11D3-BF4B-00C04F79EFBC}") = "Phantom.PubSub", "PubSub\Phantom.PubSub.csproj", "{1D840298-368A-45F6-A40F-47A1AFF9B910}"
EndProject
Project("{FAE04EC0-301F-11D3-BF4B-00C04F79EFBC}") = "Tests", "Tests\Tests.csproj", "{C3F7EEE3-AC0B-4088-A624-14C70A317DEB}"
EndProject
Project("{2150E333-8FDC-42A3-9474-1A3956D46DE8}") = "TestPtojects", "TestPtojects", "{F509E802-3566-48C6-8ABF-5A5AAA604664}"
EndProject
Project("{FAE04EC0-301F-11D3-BF4B-00C04F79EFBC}") = "ReflectionTests", "ReflectionTests\ReflectionTests.csproj", "{B49885E2-472E-4806-85B4-E9363A5B0545}"
EndProject
Project("{FAE04EC0-301F-11D3-BF4B-00C04F79EFBC}") = "Interface", "Interface\Interface.csproj", "{D14370AE-EE63-4CB8-8899-516B2338E459}"
EndProject
Project("{FAE04EC0-301F-11D3-BF4B-00C04F79EFBC}") = "EsentTests", "EsentTests\EsentTests.csproj", "{53C1758A-D029-4078-BBC0-A85E9C0D4179}"
EndProject
Project("{FAE04EC0-301F-11D3-BF4B-00C04F79EFBC}") = "TestUtils", "TestUtils\TestUtils.csproj", "{29FEBB37-7FED-4C97-8758-DF7CD981052D}"
EndProject
Project("{F2A71F9B-5D33-465A-A702-920D77279786}") = "FSharpEntities", "FSharpEntities\FSharpEntities.fsproj", "{32A8C673-0CE6-4247-92BD-26EB81B65D55}"
EndProject
Global
	GlobalSection(TeamFoundationVersionControl) = preSolution
		SccNumberOfProjects = 13
		SccEnterpriseProvider = {4CA58AB2-18FA-4F8D-95D4-32DDF27D184C}
		SccTeamFoundationServer = https://anderton.tfspreview.com/defaultcollection
		SccLocalPath0 = .
		SccProjectUniqueName1 = BusinessLogic\\BusinessLogic.csproj
		SccProjectName1 = BusinessLogic
		SccLocalPath1 = BusinessLogic
		SccProjectUniqueName2 = Data\\Data.csproj
		SccProjectName2 = Data
		SccLocalPath2 = Data
		SccProjectUniqueName3 = Entities\\Entities.csproj
		SccProjectName3 = Entities
		SccLocalPath3 = Entities
		SccProjectUniqueName4 = Interceptor\\Interceptor.csproj
		SccProjectName4 = Interceptor
		SccLocalPath4 = Interceptor
		SccProjectUniqueName5 = Tests\\Tests.csproj
		SccProjectTopLevelParentUniqueName5 = PubSub.sln
		SccProjectName5 = Tests
		SccLocalPath5 = Tests
		SccProjectUniqueName6 = UnitTests\\IntegrationTests.csproj
		SccProjectTopLevelParentUniqueName6 = PubSub.sln
		SccProjectName6 = UnitTests
		SccLocalPath6 = UnitTests
		SccProjectUniqueName7 = ReflectionTests\\ReflectionTests.csproj
		SccProjectTopLevelParentUniqueName7 = PubSub.sln
		SccProjectName7 = ReflectionTests
		SccLocalPath7 = ReflectionTests
		SccProjectUniqueName8 = PubSub\\Phantom.PubSub.csproj
		SccProjectName8 = PubSub
		SccLocalPath8 = PubSub
		SccProjectUniqueName9 = Interface\\Interface.csproj
		SccProjectName9 = Interface
		SccLocalPath9 = Interface
		SccProjectUniqueName10 = EsentTests\\EsentTests.csproj
		SccProjectTopLevelParentUniqueName10 = PubSub.sln
		SccProjectName10 = EsentTests
		SccLocalPath10 = EsentTests
		SccProjectUniqueName11 = TestUtils\\TestUtils.csproj
		SccProjectTopLevelParentUniqueName11 = PubSub.sln
		SccProjectName11 = TestUtils
		SccLocalPath11 = TestUtils
		SccProjectUniqueName12 = FSharpEntities\\FSharpEntities.fsproj
		SccProjectName12 = FSharpEntities
		SccLocalPath12 = FSharpEntities
	EndGlobalSection
	GlobalSection(TestCaseManagementSettings) = postSolution
		CategoryFile = ReferenceImplementatikon.vsmdi
	EndGlobalSection
	GlobalSection(SolutionConfigurationPlatforms) = preSolution
		Debug|Any CPU = Debug|Any CPU
		Debug|Mixed Platforms = Debug|Mixed Platforms
		Debug|x86 = Debug|x86
		Release|Any CPU = Release|Any CPU
		Release|Mixed Platforms = Release|Mixed Platforms
		Release|x86 = Release|x86
	EndGlobalSection
	GlobalSection(ProjectConfigurationPlatforms) = postSolution
		{C9276B4B-AC6A-4E51-B457-8838712462BE}.Debug|Any CPU.ActiveCfg = Debug|Any CPU
		{C9276B4B-AC6A-4E51-B457-8838712462BE}.Debug|Any CPU.Build.0 = Debug|Any CPU
		{C9276B4B-AC6A-4E51-B457-8838712462BE}.Debug|Mixed Platforms.ActiveCfg = Debug|Any CPU
		{C9276B4B-AC6A-4E51-B457-8838712462BE}.Debug|Mixed Platforms.Build.0 = Debug|Any CPU
		{C9276B4B-AC6A-4E51-B457-8838712462BE}.Debug|x86.ActiveCfg = Debug|Any CPU
		{C9276B4B-AC6A-4E51-B457-8838712462BE}.Release|Any CPU.ActiveCfg = Release|Any CPU
		{C9276B4B-AC6A-4E51-B457-8838712462BE}.Release|Any CPU.Build.0 = Release|Any CPU
		{C9276B4B-AC6A-4E51-B457-8838712462BE}.Release|Mixed Platforms.ActiveCfg = Release|Any CPU
		{C9276B4B-AC6A-4E51-B457-8838712462BE}.Release|Mixed Platforms.Build.0 = Release|Any CPU
		{C9276B4B-AC6A-4E51-B457-8838712462BE}.Release|x86.ActiveCfg = Release|Any CPU
		{F697DCE2-E9ED-4219-A21A-D1F29F92C73F}.Debug|Any CPU.ActiveCfg = Debug|Any CPU
		{F697DCE2-E9ED-4219-A21A-D1F29F92C73F}.Debug|Any CPU.Build.0 = Debug|Any CPU
		{F697DCE2-E9ED-4219-A21A-D1F29F92C73F}.Debug|Mixed Platforms.ActiveCfg = Debug|Any CPU
		{F697DCE2-E9ED-4219-A21A-D1F29F92C73F}.Debug|Mixed Platforms.Build.0 = Debug|Any CPU
		{F697DCE2-E9ED-4219-A21A-D1F29F92C73F}.Debug|x86.ActiveCfg = Debug|Any CPU
		{F697DCE2-E9ED-4219-A21A-D1F29F92C73F}.Release|Any CPU.ActiveCfg = Release|Any CPU
		{F697DCE2-E9ED-4219-A21A-D1F29F92C73F}.Release|Any CPU.Build.0 = Release|Any CPU
		{F697DCE2-E9ED-4219-A21A-D1F29F92C73F}.Release|Mixed Platforms.ActiveCfg = Release|Any CPU
		{F697DCE2-E9ED-4219-A21A-D1F29F92C73F}.Release|Mixed Platforms.Build.0 = Release|Any CPU
		{F697DCE2-E9ED-4219-A21A-D1F29F92C73F}.Release|x86.ActiveCfg = Release|Any CPU
		{BB609803-6D30-4BC8-91AB-BE27968272FC}.Debug|Any CPU.ActiveCfg = Debug|Any CPU
		{BB609803-6D30-4BC8-91AB-BE27968272FC}.Debug|Any CPU.Build.0 = Debug|Any CPU
		{BB609803-6D30-4BC8-91AB-BE27968272FC}.Debug|Mixed Platforms.ActiveCfg = Debug|Any CPU
		{BB609803-6D30-4BC8-91AB-BE27968272FC}.Debug|Mixed Platforms.Build.0 = Debug|Any CPU
		{BB609803-6D30-4BC8-91AB-BE27968272FC}.Debug|x86.ActiveCfg = Debug|Any CPU
		{BB609803-6D30-4BC8-91AB-BE27968272FC}.Release|Any CPU.ActiveCfg = Release|Any CPU
		{BB609803-6D30-4BC8-91AB-BE27968272FC}.Release|Any CPU.Build.0 = Release|Any CPU
		{BB609803-6D30-4BC8-91AB-BE27968272FC}.Release|Mixed Platforms.ActiveCfg = Release|Any CPU
		{BB609803-6D30-4BC8-91AB-BE27968272FC}.Release|Mixed Platforms.Build.0 = Release|Any CPU
		{BB609803-6D30-4BC8-91AB-BE27968272FC}.Release|x86.ActiveCfg = Release|Any CPU
		{5B54063C-6E6E-4BF2-95DE-A03C225598F4}.Debug|Any CPU.ActiveCfg = Debug|Any CPU
		{5B54063C-6E6E-4BF2-95DE-A03C225598F4}.Debug|Any CPU.Build.0 = Debug|Any CPU
		{5B54063C-6E6E-4BF2-95DE-A03C225598F4}.Debug|Mixed Platforms.ActiveCfg = Debug|Any CPU
		{5B54063C-6E6E-4BF2-95DE-A03C225598F4}.Debug|Mixed Platforms.Build.0 = Debug|Any CPU
		{5B54063C-6E6E-4BF2-95DE-A03C225598F4}.Debug|x86.ActiveCfg = Debug|Any CPU
		{5B54063C-6E6E-4BF2-95DE-A03C225598F4}.Release|Any CPU.ActiveCfg = Release|Any CPU
		{5B54063C-6E6E-4BF2-95DE-A03C225598F4}.Release|Any CPU.Build.0 = Release|Any CPU
		{5B54063C-6E6E-4BF2-95DE-A03C225598F4}.Release|Mixed Platforms.ActiveCfg = Release|Any CPU
		{5B54063C-6E6E-4BF2-95DE-A03C225598F4}.Release|Mixed Platforms.Build.0 = Release|Any CPU
		{5B54063C-6E6E-4BF2-95DE-A03C225598F4}.Release|x86.ActiveCfg = Release|Any CPU
		{D9044635-F61E-498F-80B0-44B459C1CEE2}.Debug|Any CPU.ActiveCfg = Debug|Any CPU
		{D9044635-F61E-498F-80B0-44B459C1CEE2}.Debug|Any CPU.Build.0 = Debug|Any CPU
		{D9044635-F61E-498F-80B0-44B459C1CEE2}.Debug|Mixed Platforms.ActiveCfg = Debug|Any CPU
		{D9044635-F61E-498F-80B0-44B459C1CEE2}.Debug|Mixed Platforms.Build.0 = Debug|Any CPU
		{D9044635-F61E-498F-80B0-44B459C1CEE2}.Debug|x86.ActiveCfg = Debug|Any CPU
		{D9044635-F61E-498F-80B0-44B459C1CEE2}.Release|Any CPU.ActiveCfg = Release|Any CPU
		{D9044635-F61E-498F-80B0-44B459C1CEE2}.Release|Any CPU.Build.0 = Release|Any CPU
		{D9044635-F61E-498F-80B0-44B459C1CEE2}.Release|Mixed Platforms.ActiveCfg = Release|Any CPU
		{D9044635-F61E-498F-80B0-44B459C1CEE2}.Release|Mixed Platforms.Build.0 = Release|Any CPU
		{D9044635-F61E-498F-80B0-44B459C1CEE2}.Release|x86.ActiveCfg = Release|Any CPU
		{1D840298-368A-45F6-A40F-47A1AFF9B910}.Debug|Any CPU.ActiveCfg = Debug|Any CPU
		{1D840298-368A-45F6-A40F-47A1AFF9B910}.Debug|Any CPU.Build.0 = Debug|Any CPU
		{1D840298-368A-45F6-A40F-47A1AFF9B910}.Debug|Mixed Platforms.ActiveCfg = Debug|Any CPU
		{1D840298-368A-45F6-A40F-47A1AFF9B910}.Debug|Mixed Platforms.Build.0 = Debug|Any CPU
		{1D840298-368A-45F6-A40F-47A1AFF9B910}.Debug|x86.ActiveCfg = Debug|Any CPU
		{1D840298-368A-45F6-A40F-47A1AFF9B910}.Release|Any CPU.ActiveCfg = Release|Any CPU
		{1D840298-368A-45F6-A40F-47A1AFF9B910}.Release|Any CPU.Build.0 = Release|Any CPU
		{1D840298-368A-45F6-A40F-47A1AFF9B910}.Release|Mixed Platforms.ActiveCfg = Release|Any CPU
		{1D840298-368A-45F6-A40F-47A1AFF9B910}.Release|Mixed Platforms.Build.0 = Release|Any CPU
		{1D840298-368A-45F6-A40F-47A1AFF9B910}.Release|x86.ActiveCfg = Release|Any CPU
		{C3F7EEE3-AC0B-4088-A624-14C70A317DEB}.Debug|Any CPU.ActiveCfg = Debug|Any CPU
		{C3F7EEE3-AC0B-4088-A624-14C70A317DEB}.Debug|Any CPU.Build.0 = Debug|Any CPU
		{C3F7EEE3-AC0B-4088-A624-14C70A317DEB}.Debug|Mixed Platforms.ActiveCfg = Debug|Any CPU
		{C3F7EEE3-AC0B-4088-A624-14C70A317DEB}.Debug|Mixed Platforms.Build.0 = Debug|Any CPU
		{C3F7EEE3-AC0B-4088-A624-14C70A317DEB}.Debug|x86.ActiveCfg = Debug|Any CPU
		{C3F7EEE3-AC0B-4088-A624-14C70A317DEB}.Release|Any CPU.ActiveCfg = Release|Any CPU
		{C3F7EEE3-AC0B-4088-A624-14C70A317DEB}.Release|Any CPU.Build.0 = Release|Any CPU
		{C3F7EEE3-AC0B-4088-A624-14C70A317DEB}.Release|Mixed Platforms.ActiveCfg = Release|Any CPU
		{C3F7EEE3-AC0B-4088-A624-14C70A317DEB}.Release|Mixed Platforms.Build.0 = Release|Any CPU
		{C3F7EEE3-AC0B-4088-A624-14C70A317DEB}.Release|x86.ActiveCfg = Release|Any CPU
		{B49885E2-472E-4806-85B4-E9363A5B0545}.Debug|Any CPU.ActiveCfg = Debug|Any CPU
		{B49885E2-472E-4806-85B4-E9363A5B0545}.Debug|Any CPU.Build.0 = Debug|Any CPU
		{B49885E2-472E-4806-85B4-E9363A5B0545}.Debug|Mixed Platforms.ActiveCfg = Debug|Any CPU
		{B49885E2-472E-4806-85B4-E9363A5B0545}.Debug|Mixed Platforms.Build.0 = Debug|Any CPU
		{B49885E2-472E-4806-85B4-E9363A5B0545}.Debug|x86.ActiveCfg = Debug|Any CPU
		{B49885E2-472E-4806-85B4-E9363A5B0545}.Release|Any CPU.ActiveCfg = Release|Any CPU
		{B49885E2-472E-4806-85B4-E9363A5B0545}.Release|Any CPU.Build.0 = Release|Any CPU
		{B49885E2-472E-4806-85B4-E9363A5B0545}.Release|Mixed Platforms.ActiveCfg = Release|Any CPU
		{B49885E2-472E-4806-85B4-E9363A5B0545}.Release|Mixed Platforms.Build.0 = Release|Any CPU
		{B49885E2-472E-4806-85B4-E9363A5B0545}.Release|x86.ActiveCfg = Release|Any CPU
		{D14370AE-EE63-4CB8-8899-516B2338E459}.Debug|Any CPU.ActiveCfg = Debug|Any CPU
		{D14370AE-EE63-4CB8-8899-516B2338E459}.Debug|Any CPU.Build.0 = Debug|Any CPU
		{D14370AE-EE63-4CB8-8899-516B2338E459}.Debug|Mixed Platforms.ActiveCfg = Debug|Any CPU
		{D14370AE-EE63-4CB8-8899-516B2338E459}.Debug|Mixed Platforms.Build.0 = Debug|Any CPU
		{D14370AE-EE63-4CB8-8899-516B2338E459}.Debug|x86.ActiveCfg = Debug|Any CPU
		{D14370AE-EE63-4CB8-8899-516B2338E459}.Release|Any CPU.ActiveCfg = Release|Any CPU
		{D14370AE-EE63-4CB8-8899-516B2338E459}.Release|Any CPU.Build.0 = Release|Any CPU
		{D14370AE-EE63-4CB8-8899-516B2338E459}.Release|Mixed Platforms.ActiveCfg = Release|Any CPU
		{D14370AE-EE63-4CB8-8899-516B2338E459}.Release|Mixed Platforms.Build.0 = Release|Any CPU
		{D14370AE-EE63-4CB8-8899-516B2338E459}.Release|x86.ActiveCfg = Release|Any CPU
		{53C1758A-D029-4078-BBC0-A85E9C0D4179}.Debug|Any CPU.ActiveCfg = Debug|Any CPU
		{53C1758A-D029-4078-BBC0-A85E9C0D4179}.Debug|Any CPU.Build.0 = Debug|Any CPU
		{53C1758A-D029-4078-BBC0-A85E9C0D4179}.Debug|Mixed Platforms.ActiveCfg = Debug|Any CPU
		{53C1758A-D029-4078-BBC0-A85E9C0D4179}.Debug|Mixed Platforms.Build.0 = Debug|Any CPU
		{53C1758A-D029-4078-BBC0-A85E9C0D4179}.Debug|x86.ActiveCfg = Debug|Any CPU
		{53C1758A-D029-4078-BBC0-A85E9C0D4179}.Release|Any CPU.ActiveCfg = Release|Any CPU
		{53C1758A-D029-4078-BBC0-A85E9C0D4179}.Release|Any CPU.Build.0 = Release|Any CPU
		{53C1758A-D029-4078-BBC0-A85E9C0D4179}.Release|Mixed Platforms.ActiveCfg = Release|Any CPU
		{53C1758A-D029-4078-BBC0-A85E9C0D4179}.Release|Mixed Platforms.Build.0 = Release|Any CPU
		{53C1758A-D029-4078-BBC0-A85E9C0D4179}.Release|x86.ActiveCfg = Release|Any CPU
		{29FEBB37-7FED-4C97-8758-DF7CD981052D}.Debug|Any CPU.ActiveCfg = Debug|Any CPU
		{29FEBB37-7FED-4C97-8758-DF7CD981052D}.Debug|Any CPU.Build.0 = Debug|Any CPU
		{29FEBB37-7FED-4C97-8758-DF7CD981052D}.Debug|Mixed Platforms.ActiveCfg = Debug|Any CPU
		{29FEBB37-7FED-4C97-8758-DF7CD981052D}.Debug|Mixed Platforms.Build.0 = Debug|Any CPU
		{29FEBB37-7FED-4C97-8758-DF7CD981052D}.Debug|x86.ActiveCfg = Debug|Any CPU
		{29FEBB37-7FED-4C97-8758-DF7CD981052D}.Release|Any CPU.ActiveCfg = Release|Any CPU
		{29FEBB37-7FED-4C97-8758-DF7CD981052D}.Release|Any CPU.Build.0 = Release|Any CPU
		{29FEBB37-7FED-4C97-8758-DF7CD981052D}.Release|Mixed Platforms.ActiveCfg = Release|Any CPU
		{29FEBB37-7FED-4C97-8758-DF7CD981052D}.Release|Mixed Platforms.Build.0 = Release|Any CPU
		{29FEBB37-7FED-4C97-8758-DF7CD981052D}.Release|x86.ActiveCfg = Release|Any CPU
		{32A8C673-0CE6-4247-92BD-26EB81B65D55}.Debug|Any CPU.ActiveCfg = Debug|Any CPU
		{32A8C673-0CE6-4247-92BD-26EB81B65D55}.Debug|Any CPU.Build.0 = Debug|Any CPU
		{32A8C673-0CE6-4247-92BD-26EB81B65D55}.Debug|Mixed Platforms.ActiveCfg = Debug|Any CPU
		{32A8C673-0CE6-4247-92BD-26EB81B65D55}.Debug|Mixed Platforms.Build.0 = Debug|Any CPU
		{32A8C673-0CE6-4247-92BD-26EB81B65D55}.Debug|x86.ActiveCfg = Debug|Any CPU
		{32A8C673-0CE6-4247-92BD-26EB81B65D55}.Release|Any CPU.ActiveCfg = Release|Any CPU
		{32A8C673-0CE6-4247-92BD-26EB81B65D55}.Release|Any CPU.Build.0 = Release|Any CPU
		{32A8C673-0CE6-4247-92BD-26EB81B65D55}.Release|Mixed Platforms.ActiveCfg = Release|Any CPU
		{32A8C673-0CE6-4247-92BD-26EB81B65D55}.Release|Mixed Platforms.Build.0 = Release|Any CPU
		{32A8C673-0CE6-4247-92BD-26EB81B65D55}.Release|x86.ActiveCfg = Release|Any CPU
	EndGlobalSection
	GlobalSection(SolutionProperties) = preSolution
		HideSolutionNode = FALSE
	EndGlobalSection
	GlobalSection(NestedProjects) = preSolution
		{C3F7EEE3-AC0B-4088-A624-14C70A317DEB} = {F509E802-3566-48C6-8ABF-5A5AAA604664}
		{5B54063C-6E6E-4BF2-95DE-A03C225598F4} = {F509E802-3566-48C6-8ABF-5A5AAA604664}
		{B49885E2-472E-4806-85B4-E9363A5B0545} = {F509E802-3566-48C6-8ABF-5A5AAA604664}
		{53C1758A-D029-4078-BBC0-A85E9C0D4179} = {F509E802-3566-48C6-8ABF-5A5AAA604664}
		{29FEBB37-7FED-4C97-8758-DF7CD981052D} = {F509E802-3566-48C6-8ABF-5A5AAA604664}
	EndGlobalSection
EndGlobal
